{
  "name": "wasm-image-codecs",
  "version": "1.0.0",
  "lockfileVersion": 3,
  "requires": true,
  "packages": {
    "": {
      "name": "wasm-image-codecs",
      "version": "1.0.0",
      "dependencies": {
        "icodec": "^0.6.0"
      }
    },
    "node_modules/icodec": {
      "version": "0.6.0",
      "resolved": "https://registry.npmjs.org/icodec/-/icodec-0.6.0.tgz",
      "integrity": "sha512-m9ptjNaqBTmnTOc7CkNgTXFrAY6QBjiyri6Ba66AGfGN1+OWPBej8cKgeZ+LwKH53zwDu36zukX2PaO8NTUMbw==",
      "license": "MIT"
    }
  }
}
